
Microsoft Visual Studio Solution File, Format Version 12.00
# Visual Studio Version 17
VisualStudioVersion = 17.7.34031.279
MinimumVisualStudioVersion = 10.0.40219.1
Project("{FAE04EC0-301F-11D3-BF4B-00C04F79EFBC}") = "calculation", "calculation\calculation.csproj", "{F8A95E25-4C73-426A-8C84-BB46ABE78044}"
EndProject
Global
	GlobalSection(SolutionConfigurationPlatforms) = preSolution
		Debug|Any CPU = Debug|Any CPU
		Release|Any CPU = Release|Any CPU
	EndGlobalSection
	GlobalSection(ProjectConfigurationPlatforms) = postSolution
		{F8A95E25-4C73-426A-8C84-BB46ABE78044}.Debug|Any CPU.ActiveCfg = Debug|Any CPU
		{F8A95E25-4C73-426A-8C84-BB46ABE78044}.Debug|Any CPU.Build.0 = Debug|Any CPU
		{F8A95E25-4C73-426A-8C84-BB46ABE78044}.Release|Any CPU.ActiveCfg = Release|Any CPU
		{F8A95E25-4C73-426A-8C84-BB46ABE78044}.Release|Any CPU.Build.0 = Release|Any CPU
	EndGlobalSection
	GlobalSection(SolutionProperties) = preSolution
		HideSolutionNode = FALSE
	EndGlobalSection
	GlobalSection(ExtensibilityGlobals) = postSolution
		SolutionGuid = {8A9C357B-419A-495A-82E2-62FAEB8C0040}
	EndGlobalSection
EndGlobal
